<?xml version="1.0" encoding="UTF-8" standalone="yes" ?>
<CodeBlocks_project_file>
	<FileVersion major="1" minor="6" />
	<Project>
		<Option title="FrameDisplay" />
		<Option pch_mode="2" />
		<Option compiler="gcc" />
		<Build>
			<Target title="Debug">
				<Option output="bin/Debug/FrameDisplay" prefix_auto="1" extension_auto="1" />
				<Option object_output="obj/Debug/" />
				<Option type="1" />
				<Option compiler="gcc" />
				<Option parameters="/media/chg/games/th123" />
				<Option projectLinkerOptionsRelation="2" />
				<Compiler>
					<Add option="-g" />
				</Compiler>
			</Target>
			<Target title="Release">
				<Option output="bin/Release/FrameDisplay" prefix_auto="1" extension_auto="1" />
				<Option object_output="obj/Release/" />
				<Option type="1" />
				<Option compiler="gcc" />
				<Option use_console_runner="0" />
				<Option parameters="/media/chg/games/th123" />
				<Option projectLinkerOptionsRelation="2" />
				<Compiler>
					<Add option="-O2" />
				</Compiler>
				<Linker>
					<Add option="-s" />
				</Linker>
			</Target>
		</Build>
		<Compiler>
			<Add option="`wx-config --cflags`" />
		</Compiler>
		<Linker>
			<Add option="`wx-config --libs`" />
			<Add library="sfml-audio" />
			<Add library="sfml-graphics" />
			<Add library="sfml-network" />
			<Add library="sfml-system" />
			<Add library="sfml-window" />
		</Linker>
		<Unit filename="./draw_thread.cpp" />
		<Unit filename="./draw_thread.h" />
		<Unit filename="FrameDisplayApp.cpp" />
		<Unit filename="FrameDisplayApp.h" />
		<Unit filename="FrameDisplayMain.cpp" />
		<Unit filename="FrameDisplayMain.h" />
		<Unit filename="archive.cpp" />
		<Unit filename="archive.h" />
		<Unit filename="char_sprite.cpp" />
		<Unit filename="crc32.cpp" />
		<Unit filename="crc32.h" />
		<Unit filename="file_read.cpp" />
		<Unit filename="file_read.h" />
		<Unit filename="framedata.cpp" />
		<Unit filename="framedata.h" />
		<Unit filename="fxsprite/fxSprite.cpp" />
		<Unit filename="fxsprite/fxSprite.hpp" />
		<Unit filename="fxsprite/fxTransform.cpp" />
		<Unit filename="fxsprite/fxTransform.hpp" />
		<Unit filename="fxsprite/fxTransformable.cpp" />
		<Unit filename="fxsprite/fxTransformable.hpp" />
		<Unit filename="global_types.h" />
		<Unit filename="graph.cpp" />
		<Unit filename="graph.h" />
		<Unit filename="mt.cpp" />
		<Unit filename="mt.h" />
		<Unit filename="utils.cpp" />
		<Unit filename="utils.h" />
		<Unit filename="wxsmith/FrameDisplaydialog.wxs" />
		<Extensions>
			<code_completion />
			<envvars />
			<wxsmith version="1">
				<gui name="wxWidgets" src="FrameDisplayApp.cpp" main="FrameDisplayDialog" init_handlers="necessary" language="CPP" />
				<resources>
					<wxDialog wxs="wxsmith/FrameDisplaydialog.wxs" src="FrameDisplayMain.cpp" hdr="FrameDisplayMain.h" fwddecl="0" i18n="1" name="FrameDisplayDialog" language="CPP" />
				</resources>
			</wxsmith>
			<lib_finder disable_auto="1" />
			<debugger />
		</Extensions>
	</Project>
</CodeBlocks_project_file>
