<?xml version="1.0" encoding="UTF-8" standalone="yes" ?>
<CodeBlocks_project_file>
	<FileVersion major="1" minor="6" />
	<Project>
		<Option title="opensoku" />
		<Option pch_mode="2" />
		<Option compiler="gcc" />
		<Build>
			<Target title="Debug">
				<Option output="bin/Debug/opensoku" prefix_auto="1" extension_auto="1" />
				<Option object_output="obj/Debug/" />
				<Option type="1" />
				<Option compiler="gcc" />
				<Option parameters="/media/files/Games/th123/" />
				<Compiler>
					<Add option="-g" />
				</Compiler>
			</Target>
			<Target title="Release">
				<Option output="bin/Release/opensoku" prefix_auto="1" extension_auto="1" />
				<Option object_output="obj/Release/" />
				<Option type="0" />
				<Option compiler="gcc" />
				<Compiler>
					<Add option="-O2" />
				</Compiler>
				<Linker>
					<Add option="-s" />
				</Linker>
			</Target>
		</Build>
		<Compiler>
			<Add option="-Wall" />
			<Add option="-std=c++11" />
		</Compiler>
		<Linker>
			<Add library="sfml-audio" />
			<Add library="sfml-graphics" />
			<Add library="sfml-network" />
			<Add library="sfml-system" />
			<Add library="sfml-window" />
		</Linker>
		<Unit filename="archive.cpp" />
		<Unit filename="archive.h" />
		<Unit filename="background.cpp" />
		<Unit filename="background.h" />
		<Unit filename="battle_ui.cpp" />
		<Unit filename="battle_ui.h" />
		<Unit filename="bullets.cpp" />
		<Unit filename="bullets.h" />
		<Unit filename="cards.cpp" />
		<Unit filename="cards.h" />
		<Unit filename="char_sprite.cpp" />
		<Unit filename="character_def.cpp" />
		<Unit filename="character_def.h" />
		<Unit filename="chars.h" />
		<Unit filename="chars/alice.cpp" />
		<Unit filename="chars/alice.h" />
		<Unit filename="chars/alice_bullets.cpp" />
		<Unit filename="chars/alice_bullets.h" />
		<Unit filename="chars/cirno.cpp" />
		<Unit filename="chars/cirno.h" />
		<Unit filename="chars/cirno_bullets.cpp" />
		<Unit filename="chars/cirno_bullets.h" />
		<Unit filename="chars/marisa.cpp" />
		<Unit filename="chars/marisa.h" />
		<Unit filename="chars/marisa_bullets.cpp" />
		<Unit filename="chars/marisa_bullets.h" />
		<Unit filename="chars/utsuho.cpp" />
		<Unit filename="chars/utsuho.h" />
		<Unit filename="c_scene_one.cpp" />
		<Unit filename="c_scene_one.h" />
		<Unit filename="crc32.cpp" />
		<Unit filename="crc32.h" />
		<Unit filename="file_read.cpp" />
		<Unit filename="file_read.h" />
		<Unit filename="framedata.cpp" />
		<Unit filename="framedata.h" />
		<Unit filename="fxsprite/fxSprite.cpp" />
		<Unit filename="fxsprite/fxSprite.hpp" />
		<Unit filename="fxsprite/fxTransform.cpp" />
		<Unit filename="fxsprite/fxTransform.hpp" />
		<Unit filename="fxsprite/fxTransformable.cpp" />
		<Unit filename="fxsprite/fxTransformable.hpp" />
		<Unit filename="global_types.h" />
		<Unit filename="graph.cpp" />
		<Unit filename="graph.h" />
		<Unit filename="graph_efx.cpp" />
		<Unit filename="graph_efx.h" />
		<Unit filename="gui.cpp" />
		<Unit filename="gui.h" />
		<Unit filename="infoeffect.cpp" />
		<Unit filename="infoeffect.h" />
		<Unit filename="input.cpp" />
		<Unit filename="input.h" />
		<Unit filename="main.cpp" />
		<Unit filename="menu/gameplay.cpp" />
		<Unit filename="menu/gameplay.h" />
		<Unit filename="menu/menus.cpp" />
		<Unit filename="menu/menus.h" />
		<Unit filename="menu/title.cpp" />
		<Unit filename="menu/title.h" />
		<Unit filename="meta.cpp" />
		<Unit filename="meta.h" />
		<Unit filename="moveable.cpp" />
		<Unit filename="moveable.h" />
		<Unit filename="mt.cpp" />
		<Unit filename="mt.h" />
		<Unit filename="music.cpp" />
		<Unit filename="music.h" />
		<Unit filename="profile.cpp" />
		<Unit filename="profile.h" />
		<Unit filename="scene.cpp" />
		<Unit filename="scene.h" />
		<Unit filename="scene_fx.cpp" />
		<Unit filename="scene_fx.h" />
		<Unit filename="sfx.cpp" />
		<Unit filename="sfx.h" />
		<Unit filename="text.cpp" />
		<Unit filename="text.h" />
		<Unit filename="tail.cpp" />
		<Unit filename="tail.h" />
		<Unit filename="utils.cpp" />
		<Unit filename="utils.h" />
		<Unit filename="weather.cpp" />
		<Unit filename="weather.h" />
		<Extensions>
			<envvars />
			<code_completion />
			<debugger />
			<lib_finder disable_auto="1" />
			<DoxyBlocks>
				<comment_style block="0" line="0" />
				<doxyfile_project />
				<doxyfile_build />
				<doxyfile_warnings />
				<doxyfile_output />
				<doxyfile_dot />
				<general />
			</DoxyBlocks>
		</Extensions>
	</Project>
</CodeBlocks_project_file>
